
Microsoft Visual Studio Solution File, Format Version 12.00
# Visual Studio 15
VisualStudioVersion = 15.0.27825.0
MinimumVisualStudioVersion = 10.0.40219.1
Project("{FAE04EC0-301F-11D3-BF4B-00C04F79EFBC}") = "Myst.Tiled", "Myst.Tiled\Myst.Tiled.csproj", "{6843C935-CCDF-45D8-BBFE-3D8381A93FF5}"
EndProject
Global
	GlobalSection(SolutionConfigurationPlatforms) = preSolution
		Debug|Any CPU = Debug|Any CPU
		Release|Any CPU = Release|Any CPU
	EndGlobalSection
	GlobalSection(ProjectConfigurationPlatforms) = postSolution
		{6843C935-CCDF-45D8-BBFE-3D8381A93FF5}.Debug|Any CPU.ActiveCfg = Debug|Any CPU
		{6843C935-CCDF-45D8-BBFE-3D8381A93FF5}.Debug|Any CPU.Build.0 = Debug|Any CPU
		{6843C935-CCDF-45D8-BBFE-3D8381A93FF5}.Release|Any CPU.ActiveCfg = Release|Any CPU
		{6843C935-CCDF-45D8-BBFE-3D8381A93FF5}.Release|Any CPU.Build.0 = Release|Any CPU
	EndGlobalSection
	GlobalSection(SolutionProperties) = preSolution
		HideSolutionNode = FALSE
	EndGlobalSection
	GlobalSection(ExtensibilityGlobals) = postSolution
		SolutionGuid = {0EEE2D2A-A1FC-46FD-833F-DD1C6F222FC0}
	EndGlobalSection
EndGlobal
